
Microsoft Visual Studio Solution File, Format Version 12.00
# Visual Studio 15
VisualStudioVersion = 15.0.28307.168
MinimumVisualStudioVersion = 10.0.40219.1
Project("{8BC9CEB8-8B4A-11D0-8D11-00A0C91BC942}") = "QuickSnapShot", "QuickSnapShot\QuickSnapShot.vcxproj", "{91498D7A-2D14-454D-941C-4912AE6C07FE}"
EndProject
Global
	GlobalSection(SolutionConfigurationPlatforms) = preSolution
		Debug|x64 = Debug|x64
		Debug|x86 = Debug|x86
		Release|x64 = Release|x64
		Release|x86 = Release|x86
	EndGlobalSection
	GlobalSection(ProjectConfigurationPlatforms) = postSolution
		{91498D7A-2D14-454D-941C-4912AE6C07FE}.Debug|x64.ActiveCfg = Debug|x64
		{91498D7A-2D14-454D-941C-4912AE6C07FE}.Debug|x64.Build.0 = Debug|x64
		{91498D7A-2D14-454D-941C-4912AE6C07FE}.Debug|x86.ActiveCfg = Debug|Win32
		{91498D7A-2D14-454D-941C-4912AE6C07FE}.Debug|x86.Build.0 = Debug|Win32
		{91498D7A-2D14-454D-941C-4912AE6C07FE}.Release|x64.ActiveCfg = Release|x64
		{91498D7A-2D14-454D-941C-4912AE6C07FE}.Release|x64.Build.0 = Release|x64
		{91498D7A-2D14-454D-941C-4912AE6C07FE}.Release|x86.ActiveCfg = Release|Win32
		{91498D7A-2D14-454D-941C-4912AE6C07FE}.Release|x86.Build.0 = Release|Win32
	EndGlobalSection
	GlobalSection(SolutionProperties) = preSolution
		HideSolutionNode = FALSE
	EndGlobalSection
	GlobalSection(ExtensibilityGlobals) = postSolution
		SolutionGuid = {2C902217-0D44-4B99-8F42-EE6CE0556FB0}
	EndGlobalSection
EndGlobal
